
Microsoft Visual Studio Solution File, Format Version 12.00
# Visual Studio Version 17
VisualStudioVersion = 17.9.34714.143
MinimumVisualStudioVersion = 10.0.40219.1
Project("{FAE04EC0-301F-11D3-BF4B-00C04F79EFBC}") = "SimpleHTML", "SimpleHTML.csproj", "{1910F0BF-440F-44D4-ABAF-C31053325E94}"
EndProject
Global
	GlobalSection(SolutionConfigurationPlatforms) = preSolution
		Debug|Any CPU = Debug|Any CPU
		Release|Any CPU = Release|Any CPU
	EndGlobalSection
	GlobalSection(ProjectConfigurationPlatforms) = postSolution
		{1910F0BF-440F-44D4-ABAF-C31053325E94}.Debug|Any CPU.ActiveCfg = Debug|Any CPU
		{1910F0BF-440F-44D4-ABAF-C31053325E94}.Debug|Any CPU.Build.0 = Debug|Any CPU
		{1910F0BF-440F-44D4-ABAF-C31053325E94}.Release|Any CPU.ActiveCfg = Release|Any CPU
		{1910F0BF-440F-44D4-ABAF-C31053325E94}.Release|Any CPU.Build.0 = Release|Any CPU
	EndGlobalSection
	GlobalSection(SolutionProperties) = preSolution
		HideSolutionNode = FALSE
	EndGlobalSection
	GlobalSection(ExtensibilityGlobals) = postSolution
		SolutionGuid = {A9B283C8-D1EE-4BD3-B8C0-91A5C80613CD}
	EndGlobalSection
EndGlobal
