
Microsoft Visual Studio Solution File, Format Version 12.00
# Visual Studio Version 17
VisualStudioVersion = 17.8.34330.188
MinimumVisualStudioVersion = 10.0.40219.1
Project("{FAE04EC0-301F-11D3-BF4B-00C04F79EFBC}") = "Memento", "Memento.csproj", "{3F8B3F18-30A2-4931-A8A6-4323E5514C2E}"
EndProject
Global
	GlobalSection(SolutionConfigurationPlatforms) = preSolution
		Debug|Any CPU = Debug|Any CPU
		Release|Any CPU = Release|Any CPU
	EndGlobalSection
	GlobalSection(ProjectConfigurationPlatforms) = postSolution
		{3F8B3F18-30A2-4931-A8A6-4323E5514C2E}.Debug|Any CPU.ActiveCfg = Debug|Any CPU
		{3F8B3F18-30A2-4931-A8A6-4323E5514C2E}.Debug|Any CPU.Build.0 = Debug|Any CPU
		{3F8B3F18-30A2-4931-A8A6-4323E5514C2E}.Release|Any CPU.ActiveCfg = Release|Any CPU
		{3F8B3F18-30A2-4931-A8A6-4323E5514C2E}.Release|Any CPU.Build.0 = Release|Any CPU
	EndGlobalSection
	GlobalSection(SolutionProperties) = preSolution
		HideSolutionNode = FALSE
	EndGlobalSection
	GlobalSection(ExtensibilityGlobals) = postSolution
		SolutionGuid = {356A626A-95EB-421C-94E4-0EC41E6A09D6}
	EndGlobalSection
EndGlobal
